
Microsoft Visual Studio Solution File, Format Version 12.00
# Visual Studio 15
VisualStudioVersion = 15.0.26430.13
MinimumVisualStudioVersion = 10.0.40219.1
Project("{FAE04EC0-301F-11D3-BF4B-00C04F79EFBC}") = "CH02.TextBlockDemo", "CH02.TextBlockDemo\CH02.TextBlockDemo.csproj", "{D9C2B20E-A050-4642-8BD7-3D1BB66B42BC}"
EndProject
Project("{FAE04EC0-301F-11D3-BF4B-00C04F79EFBC}") = "CH02.LabelDemo", "CH02.LabelDemo\CH02.LabelDemo.csproj", "{5F42D644-39AF-40E9-A6DC-2950B2D2A0F0}"
EndProject
Project("{FAE04EC0-301F-11D3-BF4B-00C04F79EFBC}") = "CH02.TextBoxDemo", "CH02.TextBoxDemo\CH02.TextBoxDemo.csproj", "{194AD1E0-F7D9-4B5E-BED6-BC4BAAFA1368}"
EndProject
Project("{FAE04EC0-301F-11D3-BF4B-00C04F79EFBC}") = "CH02.LabelAccessKeyDemo", "CH02.LabelAccessKeyDemo\CH02.LabelAccessKeyDemo.csproj", "{79830AB8-7993-4632-9CD0-AE2D3A0327B0}"
EndProject
Project("{FAE04EC0-301F-11D3-BF4B-00C04F79EFBC}") = "CH02.TextBoxSpellCheckDemo", "CH02.TextBoxSpellCheckDemo\CH02.TextBoxSpellCheckDemo.csproj", "{823AD13E-D2A6-4B7D-BC67-287015B9969E}"
EndProject
Project("{FAE04EC0-301F-11D3-BF4B-00C04F79EFBC}") = "CH02.ImageDemo", "CH02.ImageDemo\CH02.ImageDemo.csproj", "{534EB074-41A1-4204-83F1-02E09A450D5E}"
EndProject
Project("{FAE04EC0-301F-11D3-BF4B-00C04F79EFBC}") = "CH02.ShapesDemo", "CH02.ShapesDemo\CH02.ShapesDemo.csproj", "{CB7E3C4F-50DE-4CBD-BBFB-66C4538EA871}"
EndProject
Project("{FAE04EC0-301F-11D3-BF4B-00C04F79EFBC}") = "CH02.TooltipDemo", "CH02.TooltipDemo\CH02.TooltipDemo.csproj", "{E62571AA-EFA8-45A6-ADAC-C824DD9047DD}"
EndProject
Project("{FAE04EC0-301F-11D3-BF4B-00C04F79EFBC}") = "CH02.MenuDemo", "CH02.MenuDemo\CH02.MenuDemo.csproj", "{C114EA3E-CDD9-48B2-A2E7-65E77B55E32C}"
EndProject
Project("{FAE04EC0-301F-11D3-BF4B-00C04F79EFBC}") = "CH02.ContextMenuDemo", "CH02.ContextMenuDemo\CH02.ContextMenuDemo.csproj", "{3224BE66-4C9C-4890-ACF6-97471D287143}"
EndProject
Project("{FAE04EC0-301F-11D3-BF4B-00C04F79EFBC}") = "CH02.OptionSelectorsDemo", "CH02.OptionSelectorsDemo\CH02.OptionSelectorsDemo.csproj", "{D3F6F91E-D61B-4D4B-AFC6-09F456884B0D}"
EndProject
Project("{FAE04EC0-301F-11D3-BF4B-00C04F79EFBC}") = "CH02.ProgressBarDemo", "CH02.ProgressBarDemo\CH02.ProgressBarDemo.csproj", "{10C33F51-197B-4AA7-A3BB-8C11666A308F}"
EndProject
Project("{FAE04EC0-301F-11D3-BF4B-00C04F79EFBC}") = "CH02.SliderDemo", "CH02.SliderDemo\CH02.SliderDemo.csproj", "{78EF8D00-1DFC-492A-B24B-997D7F0340E6}"
EndProject
Project("{FAE04EC0-301F-11D3-BF4B-00C04F79EFBC}") = "CH02.CalendarDemo", "CH02.CalendarDemo\CH02.CalendarDemo.csproj", "{44CDE569-C6F1-4BDA-AF4A-0E550CED60DD}"
EndProject
Project("{FAE04EC0-301F-11D3-BF4B-00C04F79EFBC}") = "CH02.StatusBarDemo", "CH02.StatusBarDemo\CH02.StatusBarDemo.csproj", "{1466CB00-AAC9-43D2-87EF-871C847FFBBE}"
EndProject
Project("{FAE04EC0-301F-11D3-BF4B-00C04F79EFBC}") = "CH02.ListBoxDemo", "CH02.ListBoxDemo\CH02.ListBoxDemo.csproj", "{710C274B-D366-4D10-B9BE-E7D1614290C5}"
EndProject
Project("{FAE04EC0-301F-11D3-BF4B-00C04F79EFBC}") = "CH02.ComboBoxDemo", "CH02.ComboBoxDemo\CH02.ComboBoxDemo.csproj", "{DB5782C7-E44F-4A16-9713-7DDD3D26326B}"
EndProject
Project("{FAE04EC0-301F-11D3-BF4B-00C04F79EFBC}") = "CH02.ToolBarDemo", "CH02.ToolBarDemo\CH02.ToolBarDemo.csproj", "{8230F362-DD5A-4C37-BE42-F2F2923C11C3}"
EndProject
Global
	GlobalSection(SolutionConfigurationPlatforms) = preSolution
		Debug|Any CPU = Debug|Any CPU
		Release|Any CPU = Release|Any CPU
	EndGlobalSection
	GlobalSection(ProjectConfigurationPlatforms) = postSolution
		{D9C2B20E-A050-4642-8BD7-3D1BB66B42BC}.Debug|Any CPU.ActiveCfg = Debug|Any CPU
		{D9C2B20E-A050-4642-8BD7-3D1BB66B42BC}.Debug|Any CPU.Build.0 = Debug|Any CPU
		{D9C2B20E-A050-4642-8BD7-3D1BB66B42BC}.Release|Any CPU.ActiveCfg = Release|Any CPU
		{D9C2B20E-A050-4642-8BD7-3D1BB66B42BC}.Release|Any CPU.Build.0 = Release|Any CPU
		{5F42D644-39AF-40E9-A6DC-2950B2D2A0F0}.Debug|Any CPU.ActiveCfg = Debug|Any CPU
		{5F42D644-39AF-40E9-A6DC-2950B2D2A0F0}.Debug|Any CPU.Build.0 = Debug|Any CPU
		{5F42D644-39AF-40E9-A6DC-2950B2D2A0F0}.Release|Any CPU.ActiveCfg = Release|Any CPU
		{5F42D644-39AF-40E9-A6DC-2950B2D2A0F0}.Release|Any CPU.Build.0 = Release|Any CPU
		{194AD1E0-F7D9-4B5E-BED6-BC4BAAFA1368}.Debug|Any CPU.ActiveCfg = Debug|Any CPU
		{194AD1E0-F7D9-4B5E-BED6-BC4BAAFA1368}.Debug|Any CPU.Build.0 = Debug|Any CPU
		{194AD1E0-F7D9-4B5E-BED6-BC4BAAFA1368}.Release|Any CPU.ActiveCfg = Release|Any CPU
		{194AD1E0-F7D9-4B5E-BED6-BC4BAAFA1368}.Release|Any CPU.Build.0 = Release|Any CPU
		{79830AB8-7993-4632-9CD0-AE2D3A0327B0}.Debug|Any CPU.ActiveCfg = Debug|Any CPU
		{79830AB8-7993-4632-9CD0-AE2D3A0327B0}.Debug|Any CPU.Build.0 = Debug|Any CPU
		{79830AB8-7993-4632-9CD0-AE2D3A0327B0}.Release|Any CPU.ActiveCfg = Release|Any CPU
		{79830AB8-7993-4632-9CD0-AE2D3A0327B0}.Release|Any CPU.Build.0 = Release|Any CPU
		{823AD13E-D2A6-4B7D-BC67-287015B9969E}.Debug|Any CPU.ActiveCfg = Debug|Any CPU
		{823AD13E-D2A6-4B7D-BC67-287015B9969E}.Debug|Any CPU.Build.0 = Debug|Any CPU
		{823AD13E-D2A6-4B7D-BC67-287015B9969E}.Release|Any CPU.ActiveCfg = Release|Any CPU
		{823AD13E-D2A6-4B7D-BC67-287015B9969E}.Release|Any CPU.Build.0 = Release|Any CPU
		{534EB074-41A1-4204-83F1-02E09A450D5E}.Debug|Any CPU.ActiveCfg = Debug|Any CPU
		{534EB074-41A1-4204-83F1-02E09A450D5E}.Debug|Any CPU.Build.0 = Debug|Any CPU
		{534EB074-41A1-4204-83F1-02E09A450D5E}.Release|Any CPU.ActiveCfg = Release|Any CPU
		{534EB074-41A1-4204-83F1-02E09A450D5E}.Release|Any CPU.Build.0 = Release|Any CPU
		{CB7E3C4F-50DE-4CBD-BBFB-66C4538EA871}.Debug|Any CPU.ActiveCfg = Debug|Any CPU
		{CB7E3C4F-50DE-4CBD-BBFB-66C4538EA871}.Debug|Any CPU.Build.0 = Debug|Any CPU
		{CB7E3C4F-50DE-4CBD-BBFB-66C4538EA871}.Release|Any CPU.ActiveCfg = Release|Any CPU
		{CB7E3C4F-50DE-4CBD-BBFB-66C4538EA871}.Release|Any CPU.Build.0 = Release|Any CPU
		{E62571AA-EFA8-45A6-ADAC-C824DD9047DD}.Debug|Any CPU.ActiveCfg = Debug|Any CPU
		{E62571AA-EFA8-45A6-ADAC-C824DD9047DD}.Debug|Any CPU.Build.0 = Debug|Any CPU
		{E62571AA-EFA8-45A6-ADAC-C824DD9047DD}.Release|Any CPU.ActiveCfg = Release|Any CPU
		{E62571AA-EFA8-45A6-ADAC-C824DD9047DD}.Release|Any CPU.Build.0 = Release|Any CPU
		{C114EA3E-CDD9-48B2-A2E7-65E77B55E32C}.Debug|Any CPU.ActiveCfg = Debug|Any CPU
		{C114EA3E-CDD9-48B2-A2E7-65E77B55E32C}.Debug|Any CPU.Build.0 = Debug|Any CPU
		{C114EA3E-CDD9-48B2-A2E7-65E77B55E32C}.Release|Any CPU.ActiveCfg = Release|Any CPU
		{C114EA3E-CDD9-48B2-A2E7-65E77B55E32C}.Release|Any CPU.Build.0 = Release|Any CPU
		{3224BE66-4C9C-4890-ACF6-97471D287143}.Debug|Any CPU.ActiveCfg = Debug|Any CPU
		{3224BE66-4C9C-4890-ACF6-97471D287143}.Debug|Any CPU.Build.0 = Debug|Any CPU
		{3224BE66-4C9C-4890-ACF6-97471D287143}.Release|Any CPU.ActiveCfg = Release|Any CPU
		{3224BE66-4C9C-4890-ACF6-97471D287143}.Release|Any CPU.Build.0 = Release|Any CPU
		{D3F6F91E-D61B-4D4B-AFC6-09F456884B0D}.Debug|Any CPU.ActiveCfg = Debug|Any CPU
		{D3F6F91E-D61B-4D4B-AFC6-09F456884B0D}.Debug|Any CPU.Build.0 = Debug|Any CPU
		{D3F6F91E-D61B-4D4B-AFC6-09F456884B0D}.Release|Any CPU.ActiveCfg = Release|Any CPU
		{D3F6F91E-D61B-4D4B-AFC6-09F456884B0D}.Release|Any CPU.Build.0 = Release|Any CPU
		{10C33F51-197B-4AA7-A3BB-8C11666A308F}.Debug|Any CPU.ActiveCfg = Debug|Any CPU
		{10C33F51-197B-4AA7-A3BB-8C11666A308F}.Debug|Any CPU.Build.0 = Debug|Any CPU
		{10C33F51-197B-4AA7-A3BB-8C11666A308F}.Release|Any CPU.ActiveCfg = Release|Any CPU
		{10C33F51-197B-4AA7-A3BB-8C11666A308F}.Release|Any CPU.Build.0 = Release|Any CPU
		{78EF8D00-1DFC-492A-B24B-997D7F0340E6}.Debug|Any CPU.ActiveCfg = Debug|Any CPU
		{78EF8D00-1DFC-492A-B24B-997D7F0340E6}.Debug|Any CPU.Build.0 = Debug|Any CPU
		{78EF8D00-1DFC-492A-B24B-997D7F0340E6}.Release|Any CPU.ActiveCfg = Release|Any CPU
		{78EF8D00-1DFC-492A-B24B-997D7F0340E6}.Release|Any CPU.Build.0 = Release|Any CPU
		{44CDE569-C6F1-4BDA-AF4A-0E550CED60DD}.Debug|Any CPU.ActiveCfg = Debug|Any CPU
		{44CDE569-C6F1-4BDA-AF4A-0E550CED60DD}.Debug|Any CPU.Build.0 = Debug|Any CPU
		{44CDE569-C6F1-4BDA-AF4A-0E550CED60DD}.Release|Any CPU.ActiveCfg = Release|Any CPU
		{44CDE569-C6F1-4BDA-AF4A-0E550CED60DD}.Release|Any CPU.Build.0 = Release|Any CPU
		{1466CB00-AAC9-43D2-87EF-871C847FFBBE}.Debug|Any CPU.ActiveCfg = Debug|Any CPU
		{1466CB00-AAC9-43D2-87EF-871C847FFBBE}.Debug|Any CPU.Build.0 = Debug|Any CPU
		{1466CB00-AAC9-43D2-87EF-871C847FFBBE}.Release|Any CPU.ActiveCfg = Release|Any CPU
		{1466CB00-AAC9-43D2-87EF-871C847FFBBE}.Release|Any CPU.Build.0 = Release|Any CPU
		{710C274B-D366-4D10-B9BE-E7D1614290C5}.Debug|Any CPU.ActiveCfg = Debug|Any CPU
		{710C274B-D366-4D10-B9BE-E7D1614290C5}.Debug|Any CPU.Build.0 = Debug|Any CPU
		{710C274B-D366-4D10-B9BE-E7D1614290C5}.Release|Any CPU.ActiveCfg = Release|Any CPU
		{710C274B-D366-4D10-B9BE-E7D1614290C5}.Release|Any CPU.Build.0 = Release|Any CPU
		{DB5782C7-E44F-4A16-9713-7DDD3D26326B}.Debug|Any CPU.ActiveCfg = Debug|Any CPU
		{DB5782C7-E44F-4A16-9713-7DDD3D26326B}.Debug|Any CPU.Build.0 = Debug|Any CPU
		{DB5782C7-E44F-4A16-9713-7DDD3D26326B}.Release|Any CPU.ActiveCfg = Release|Any CPU
		{DB5782C7-E44F-4A16-9713-7DDD3D26326B}.Release|Any CPU.Build.0 = Release|Any CPU
		{8230F362-DD5A-4C37-BE42-F2F2923C11C3}.Debug|Any CPU.ActiveCfg = Debug|Any CPU
		{8230F362-DD5A-4C37-BE42-F2F2923C11C3}.Debug|Any CPU.Build.0 = Debug|Any CPU
		{8230F362-DD5A-4C37-BE42-F2F2923C11C3}.Release|Any CPU.ActiveCfg = Release|Any CPU
		{8230F362-DD5A-4C37-BE42-F2F2923C11C3}.Release|Any CPU.Build.0 = Release|Any CPU
	EndGlobalSection
	GlobalSection(SolutionProperties) = preSolution
		HideSolutionNode = FALSE
	EndGlobalSection
EndGlobal
